// !$*UTF8*$!
{
	archiveVersion = 1;
	classes = {
	};
	objectVersion = 46;
	objects = {

/* Begin PBXBuildFile section */
		188539361A7031A600C55240 /* MainViewController.m in Sources */ = {isa = PBXBuildFile; fileRef = 188539351A7031A600C55240 /* MainViewController.m */; };
		188539421A704E0B00C55240 /* EventAPICall.m in Sources */ = {isa = PBXBuildFile; fileRef = 1885393C1A704E0B00C55240 /* EventAPICall.m */; };
		188539431A704E0B00C55240 /* SoapV1Parser.m in Sources */ = {isa = PBXBuildFile; fileRef = 1885393E1A704E0B00C55240 /* SoapV1Parser.m */; settings = {COMPILER_FLAGS = "-fno-objc-arc"; }; };
		188539441A704E0B00C55240 /* XMLReader.m in Sources */ = {isa = PBXBuildFile; fileRef = 188539401A704E0B00C55240 /* XMLReader.m */; settings = {COMPILER_FLAGS = "-fno-objc-arc"; }; };
		1885394A1A704E3300C55240 /* ActivityIndicator.m in Sources */ = {isa = PBXBuildFile; fileRef = 188539471A704E3300C55240 /* ActivityIndicator.m */; };
		1885394B1A704E3300C55240 /* RoundedBlackView.m in Sources */ = {isa = PBXBuildFile; fileRef = 188539491A704E3300C55240 /* RoundedBlackView.m */; };
		188539601A704E8800C55240 /* AFHTTPClient.m in Sources */ = {isa = PBXBuildFile; fileRef = 1885394E1A704E8800C55240 /* AFHTTPClient.m */; };
		188539611A704E8800C55240 /* AFHTTPRequestOperation.m in Sources */ = {isa = PBXBuildFile; fileRef = 188539501A704E8800C55240 /* AFHTTPRequestOperation.m */; };
		188539621A704E8800C55240 /* AFImageRequestOperation.m in Sources */ = {isa = PBXBuildFile; fileRef = 188539521A704E8800C55240 /* AFImageRequestOperation.m */; };
		188539631A704E8800C55240 /* AFJSONRequestOperation.m in Sources */ = {isa = PBXBuildFile; fileRef = 188539541A704E8800C55240 /* AFJSONRequestOperation.m */; };
		188539641A704E8800C55240 /* AFNetworkActivityIndicatorManager.m in Sources */ = {isa = PBXBuildFile; fileRef = 188539561A704E8800C55240 /* AFNetworkActivityIndicatorManager.m */; };
		188539651A704E8800C55240 /* AFPropertyListRequestOperation.m in Sources */ = {isa = PBXBuildFile; fileRef = 188539591A704E8800C55240 /* AFPropertyListRequestOperation.m */; };
		188539661A704E8800C55240 /* AFURLConnectionOperation.m in Sources */ = {isa = PBXBuildFile; fileRef = 1885395B1A704E8800C55240 /* AFURLConnectionOperation.m */; };
		188539671A704E8800C55240 /* AFXMLRequestOperation.m in Sources */ = {isa = PBXBuildFile; fileRef = 1885395D1A704E8800C55240 /* AFXMLRequestOperation.m */; };
		188539681A704E8800C55240 /* UIImageView+AFNetworking.m in Sources */ = {isa = PBXBuildFile; fileRef = 1885395F1A704E8800C55240 /* UIImageView+AFNetworking.m */; };
		1885396A1A70691B00C55240 /* CoreLocation.framework in Frameworks */ = {isa = PBXBuildFile; fileRef = 188539691A70691B00C55240 /* CoreLocation.framework */; };
		308E90B81A6FFD8A00CF711E /* main.m in Sources */ = {isa = PBXBuildFile; fileRef = 308E90B71A6FFD8A00CF711E /* main.m */; };
		308E90BB1A6FFD8A00CF711E /* AppDelegate.m in Sources */ = {isa = PBXBuildFile; fileRef = 308E90BA1A6FFD8A00CF711E /* AppDelegate.m */; };
		308E90BE1A6FFD8A00CF711E /* ViewController.m in Sources */ = {isa = PBXBuildFile; fileRef = 308E90BD1A6FFD8A00CF711E /* ViewController.m */; };
		308E90C11A6FFD8A00CF711E /* Main.storyboard in Resources */ = {isa = PBXBuildFile; fileRef = 308E90BF1A6FFD8A00CF711E /* Main.storyboard */; };
		308E90C31A6FFD8A00CF711E /* Images.xcassets in Resources */ = {isa = PBXBuildFile; fileRef = 308E90C21A6FFD8A00CF711E /* Images.xcassets */; };
		308E90C61A6FFD8A00CF711E /* LaunchScreen.xib in Resources */ = {isa = PBXBuildFile; fileRef = 308E90C41A6FFD8A00CF711E /* LaunchScreen.xib */; };
		308E90D21A6FFD8B00CF711E /* LagoonCatamaransTests.m in Sources */ = {isa = PBXBuildFile; fileRef = 308E90D11A6FFD8B00CF711E /* LagoonCatamaransTests.m */; };
		308E90E01A70020700CF711E /* retry.png in Resources */ = {isa = PBXBuildFile; fileRef = 308E90DC1A70020700CF711E /* retry.png */; };
		308E90E11A70020700CF711E /* signin.png in Resources */ = {isa = PBXBuildFile; fileRef = 308E90DD1A70020700CF711E /* signin.png */; };
		308E90E21A70020700CF711E /* topLog.png in Resources */ = {isa = PBXBuildFile; fileRef = 308E90DE1A70020700CF711E /* topLog.png */; };
		308E90E31A70020700CF711E /* upload.png in Resources */ = {isa = PBXBuildFile; fileRef = 308E90DF1A70020700CF711E /* upload.png */; };
		308E90E51A70027500CF711E /* appicon.jpg in Resources */ = {isa = PBXBuildFile; fileRef = 308E90E41A70027500CF711E /* appicon.jpg */; };
		308E90E71A70075E00CF711E /* btn_go.png in Resources */ = {isa = PBXBuildFile; fileRef = 308E90E61A70075E00CF711E /* btn_go.png */; };
		308E90EC1A700FE300CF711E /* checkbox-unchecked-md.png in Resources */ = {isa = PBXBuildFile; fileRef = 308E90E81A700FE300CF711E /* checkbox-unchecked-md.png */; };
		308E90ED1A700FE300CF711E /* checkbox.png in Resources */ = {isa = PBXBuildFile; fileRef = 308E90E91A700FE300CF711E /* checkbox.png */; };
		308E90EE1A700FE300CF711E /* checked_checkbox.png in Resources */ = {isa = PBXBuildFile; fileRef = 308E90EA1A700FE300CF711E /* checked_checkbox.png */; };
		308E90EF1A700FE300CF711E /* images.png in Resources */ = {isa = PBXBuildFile; fileRef = 308E90EB1A700FE300CF711E /* images.png */; };
		30B1B0231A70F9F3008D9972 /* Reachability.m in Sources */ = {isa = PBXBuildFile; fileRef = 30B1B0221A70F9F3008D9972 /* Reachability.m */; };
/* End PBXBuildFile section */

/* Begin PBXContainerItemProxy section */
		308E90CC1A6FFD8B00CF711E /* PBXContainerItemProxy */ = {
			isa = PBXContainerItemProxy;
			containerPortal = 308E90AA1A6FFD8A00CF711E /* Project object */;
			proxyType = 1;
			remoteGlobalIDString = 308E90B11A6FFD8A00CF711E;
			remoteInfo = LagoonCatamarans;
		};
/* End PBXContainerItemProxy section */

/* Begin PBXFileReference section */
		188539341A7031A600C55240 /* MainViewController.h */ = {isa = PBXFileReference; fileEncoding = 4; lastKnownFileType = sourcecode.c.h; path = MainViewController.h; sourceTree = "<group>"; };
		188539351A7031A600C55240 /* MainViewController.m */ = {isa = PBXFileReference; fileEncoding = 4; lastKnownFileType = sourcecode.c.objc; path = MainViewController.m; sourceTree = "<group>"; };
		1885393A1A704E0B00C55240 /* Define.h */ = {isa = PBXFileReference; fileEncoding = 4; lastKnownFileType = sourcecode.c.h; path = Define.h; sourceTree = "<group>"; };
		1885393B1A704E0B00C55240 /* EventAPICall.h */ = {isa = PBXFileReference; fileEncoding = 4; lastKnownFileType = sourcecode.c.h; path = EventAPICall.h; sourceTree = "<group>"; };
		1885393C1A704E0B00C55240 /* EventAPICall.m */ = {isa = PBXFileReference; fileEncoding = 4; lastKnownFileType = sourcecode.c.objc; path = EventAPICall.m; sourceTree = "<group>"; };
		1885393D1A704E0B00C55240 /* SoapV1Parser.h */ = {isa = PBXFileReference; fileEncoding = 4; lastKnownFileType = sourcecode.c.h; path = SoapV1Parser.h; sourceTree = "<group>"; };
		1885393E1A704E0B00C55240 /* SoapV1Parser.m */ = {isa = PBXFileReference; fileEncoding = 4; lastKnownFileType = sourcecode.c.objc; path = SoapV1Parser.m; sourceTree = "<group>"; };
		1885393F1A704E0B00C55240 /* XMLReader.h */ = {isa = PBXFileReference; fileEncoding = 4; lastKnownFileType = sourcecode.c.h; path = XMLReader.h; sourceTree = "<group>"; };
		188539401A704E0B00C55240 /* XMLReader.m */ = {isa = PBXFileReference; fileEncoding = 4; lastKnownFileType = sourcecode.c.objc; path = XMLReader.m; sourceTree = "<group>"; };
		188539461A704E3300C55240 /* ActivityIndicator.h */ = {isa = PBXFileReference; fileEncoding = 4; lastKnownFileType = sourcecode.c.h; path = ActivityIndicator.h; sourceTree = "<group>"; };
		188539471A704E3300C55240 /* ActivityIndicator.m */ = {isa = PBXFileReference; fileEncoding = 4; lastKnownFileType = sourcecode.c.objc; path = ActivityIndicator.m; sourceTree = "<group>"; };
		188539481A704E3300C55240 /* RoundedBlackView.h */ = {isa = PBXFileReference; fileEncoding = 4; lastKnownFileType = sourcecode.c.h; path = RoundedBlackView.h; sourceTree = "<group>"; };
		188539491A704E3300C55240 /* RoundedBlackView.m */ = {isa = PBXFileReference; fileEncoding = 4; lastKnownFileType = sourcecode.c.objc; path = RoundedBlackView.m; sourceTree = "<group>"; };
		1885394D1A704E8800C55240 /* AFHTTPClient.h */ = {isa = PBXFileReference; fileEncoding = 4; lastKnownFileType = sourcecode.c.h; path = AFHTTPClient.h; sourceTree = "<group>"; };
		1885394E1A704E8800C55240 /* AFHTTPClient.m */ = {isa = PBXFileReference; fileEncoding = 4; lastKnownFileType = sourcecode.c.objc; path = AFHTTPClient.m; sourceTree = "<group>"; };
		1885394F1A704E8800C55240 /* AFHTTPRequestOperation.h */ = {isa = PBXFileReference; fileEncoding = 4; lastKnownFileType = sourcecode.c.h; path = AFHTTPRequestOperation.h; sourceTree = "<group>"; };
		188539501A704E8800C55240 /* AFHTTPRequestOperation.m */ = {isa = PBXFileReference; fileEncoding = 4; lastKnownFileType = sourcecode.c.objc; path = AFHTTPRequestOperation.m; sourceTree = "<group>"; };
		188539511A704E8800C55240 /* AFImageRequestOperation.h */ = {isa = PBXFileReference; fileEncoding = 4; lastKnownFileType = sourcecode.c.h; path = AFImageRequestOperation.h; sourceTree = "<group>"; };
		188539521A704E8800C55240 /* AFImageRequestOperation.m */ = {isa = PBXFileReference; fileEncoding = 4; lastKnownFileType = sourcecode.c.objc; path = AFImageRequestOperation.m; sourceTree = "<group>"; };
		188539531A704E8800C55240 /* AFJSONRequestOperation.h */ = {isa = PBXFileReference; fileEncoding = 4; lastKnownFileType = sourcecode.c.h; path = AFJSONRequestOperation.h; sourceTree = "<group>"; };
		188539541A704E8800C55240 /* AFJSONRequestOperation.m */ = {isa = PBXFileReference; fileEncoding = 4; lastKnownFileType = sourcecode.c.objc; path = AFJSONRequestOperation.m; sourceTree = "<group>"; };
		188539551A704E8800C55240 /* AFNetworkActivityIndicatorManager.h */ = {isa = PBXFileReference; fileEncoding = 4; lastKnownFileType = sourcecode.c.h; path = AFNetworkActivityIndicatorManager.h; sourceTree = "<group>"; };
		188539561A704E8800C55240 /* AFNetworkActivityIndicatorManager.m */ = {isa = PBXFileReference; fileEncoding = 4; lastKnownFileType = sourcecode.c.objc; path = AFNetworkActivityIndicatorManager.m; sourceTree = "<group>"; };
		188539571A704E8800C55240 /* AFNetworking.h */ = {isa = PBXFileReference; fileEncoding = 4; lastKnownFileType = sourcecode.c.h; path = AFNetworking.h; sourceTree = "<group>"; };
		188539581A704E8800C55240 /* AFPropertyListRequestOperation.h */ = {isa = PBXFileReference; fileEncoding = 4; lastKnownFileType = sourcecode.c.h; path = AFPropertyListRequestOperation.h; sourceTree = "<group>"; };
		188539591A704E8800C55240 /* AFPropertyListRequestOperation.m */ = {isa = PBXFileReference; fileEncoding = 4; lastKnownFileType = sourcecode.c.objc; path = AFPropertyListRequestOperation.m; sourceTree = "<group>"; };
		1885395A1A704E8800C55240 /* AFURLConnectionOperation.h */ = {isa = PBXFileReference; fileEncoding = 4; lastKnownFileType = sourcecode.c.h; path = AFURLConnectionOperation.h; sourceTree = "<group>"; };
		1885395B1A704E8800C55240 /* AFURLConnectionOperation.m */ = {isa = PBXFileReference; fileEncoding = 4; lastKnownFileType = sourcecode.c.objc; path = AFURLConnectionOperation.m; sourceTree = "<group>"; };
		1885395C1A704E8800C55240 /* AFXMLRequestOperation.h */ = {isa = PBXFileReference; fileEncoding = 4; lastKnownFileType = sourcecode.c.h; path = AFXMLRequestOperation.h; sourceTree = "<group>"; };
		1885395D1A704E8800C55240 /* AFXMLRequestOperation.m */ = {isa = PBXFileReference; fileEncoding = 4; lastKnownFileType = sourcecode.c.objc; path = AFXMLRequestOperation.m; sourceTree = "<group>"; };
		1885395E1A704E8800C55240 /* UIImageView+AFNetworking.h */ = {isa = PBXFileReference; fileEncoding = 4; lastKnownFileType = sourcecode.c.h; path = "UIImageView+AFNetworking.h"; sourceTree = "<group>"; };
		1885395F1A704E8800C55240 /* UIImageView+AFNetworking.m */ = {isa = PBXFileReference; fileEncoding = 4; lastKnownFileType = sourcecode.c.objc; path = "UIImageView+AFNetworking.m"; sourceTree = "<group>"; };
		188539691A70691B00C55240 /* CoreLocation.framework */ = {isa = PBXFileReference; lastKnownFileType = wrapper.framework; name = CoreLocation.framework; path = System/Library/Frameworks/CoreLocation.framework; sourceTree = SDKROOT; };
		308E90B21A6FFD8A00CF711E /* LagoonCatamarans.app */ = {isa = PBXFileReference; explicitFileType = wrapper.application; includeInIndex = 0; path = LagoonCatamarans.app; sourceTree = BUILT_PRODUCTS_DIR; };
		308E90B61A6FFD8A00CF711E /* Info.plist */ = {isa = PBXFileReference; lastKnownFileType = text.plist.xml; path = Info.plist; sourceTree = "<group>"; };
		308E90B71A6FFD8A00CF711E /* main.m */ = {isa = PBXFileReference; lastKnownFileType = sourcecode.c.objc; path = main.m; sourceTree = "<group>"; };
		308E90B91A6FFD8A00CF711E /* AppDelegate.h */ = {isa = PBXFileReference; lastKnownFileType = sourcecode.c.h; path = AppDelegate.h; sourceTree = "<group>"; };
		308E90BA1A6FFD8A00CF711E /* AppDelegate.m */ = {isa = PBXFileReference; lastKnownFileType = sourcecode.c.objc; path = AppDelegate.m; sourceTree = "<group>"; };
		308E90BC1A6FFD8A00CF711E /* ViewController.h */ = {isa = PBXFileReference; lastKnownFileType = sourcecode.c.h; path = ViewController.h; sourceTree = "<group>"; };
		308E90BD1A6FFD8A00CF711E /* ViewController.m */ = {isa = PBXFileReference; lastKnownFileType = sourcecode.c.objc; path = ViewController.m; sourceTree = "<group>"; };
		308E90C01A6FFD8A00CF711E /* Base */ = {isa = PBXFileReference; lastKnownFileType = file.storyboard; name = Base; path = Base.lproj/Main.storyboard; sourceTree = "<group>"; };
		308E90C21A6FFD8A00CF711E /* Images.xcassets */ = {isa = PBXFileReference; lastKnownFileType = folder.assetcatalog; path = Images.xcassets; sourceTree = "<group>"; };
		308E90C51A6FFD8A00CF711E /* Base */ = {isa = PBXFileReference; lastKnownFileType = file.xib; name = Base; path = Base.lproj/LaunchScreen.xib; sourceTree = "<group>"; };
		308E90CB1A6FFD8B00CF711E /* LagoonCatamaransTests.xctest */ = {isa = PBXFileReference; explicitFileType = wrapper.cfbundle; includeInIndex = 0; path = LagoonCatamaransTests.xctest; sourceTree = BUILT_PRODUCTS_DIR; };
		308E90D01A6FFD8B00CF711E /* Info.plist */ = {isa = PBXFileReference; lastKnownFileType = text.plist.xml; path = Info.plist; sourceTree = "<group>"; };
		308E90D11A6FFD8B00CF711E /* LagoonCatamaransTests.m */ = {isa = PBXFileReference; lastKnownFileType = sourcecode.c.objc; path = LagoonCatamaransTests.m; sourceTree = "<group>"; };
		308E90DC1A70020700CF711E /* retry.png */ = {isa = PBXFileReference; lastKnownFileType = image.png; path = retry.png; sourceTree = "<group>"; };
		308E90DD1A70020700CF711E /* signin.png */ = {isa = PBXFileReference; lastKnownFileType = image.png; path = signin.png; sourceTree = "<group>"; };
		308E90DE1A70020700CF711E /* topLog.png */ = {isa = PBXFileReference; lastKnownFileType = image.png; path = topLog.png; sourceTree = "<group>"; };
		308E90DF1A70020700CF711E /* upload.png */ = {isa = PBXFileReference; lastKnownFileType = image.png; path = upload.png; sourceTree = "<group>"; };
		308E90E41A70027500CF711E /* appicon.jpg */ = {isa = PBXFileReference; lastKnownFileType = image.jpeg; path = appicon.jpg; sourceTree = "<group>"; };
		308E90E61A70075E00CF711E /* btn_go.png */ = {isa = PBXFileReference; lastKnownFileType = image.png; path = btn_go.png; sourceTree = "<group>"; };
		308E90E81A700FE300CF711E /* checkbox-unchecked-md.png */ = {isa = PBXFileReference; lastKnownFileType = image.png; path = "checkbox-unchecked-md.png"; sourceTree = "<group>"; };
		308E90E91A700FE300CF711E /* checkbox.png */ = {isa = PBXFileReference; lastKnownFileType = image.png; path = checkbox.png; sourceTree = "<group>"; };
		308E90EA1A700FE300CF711E /* checked_checkbox.png */ = {isa = PBXFileReference; lastKnownFileType = image.png; path = checked_checkbox.png; sourceTree = "<group>"; };
		308E90EB1A700FE300CF711E /* images.png */ = {isa = PBXFileReference; lastKnownFileType = image.png; path = images.png; sourceTree = "<group>"; };
		30B1B0211A70F9F3008D9972 /* Reachability.h */ = {isa = PBXFileReference; fileEncoding = 4; lastKnownFileType = sourcecode.c.h; path = Reachability.h; sourceTree = "<group>"; };
		30B1B0221A70F9F3008D9972 /* Reachability.m */ = {isa = PBXFileReference; fileEncoding = 4; lastKnownFileType = sourcecode.c.objc; path = Reachability.m; sourceTree = "<group>"; };
/* End PBXFileReference section */

/* Begin PBXFrameworksBuildPhase section */
		308E90AF1A6FFD8A00CF711E /* Frameworks */ = {
			isa = PBXFrameworksBuildPhase;
			buildActionMask = 2147483647;
			files = (
				1885396A1A70691B00C55240 /* CoreLocation.framework in Frameworks */,
			);
			runOnlyForDeploymentPostprocessing = 0;
		};
		308E90C81A6FFD8B00CF711E /* Frameworks */ = {
			isa = PBXFrameworksBuildPhase;
			buildActionMask = 2147483647;
			files = (
			);
			runOnlyForDeploymentPostprocessing = 0;
		};
/* End PBXFrameworksBuildPhase section */

/* Begin PBXGroup section */
		188539371A704DE700C55240 /* API Call */ = {
			isa = PBXGroup;
			children = (
				1885393A1A704E0B00C55240 /* Define.h */,
				1885393B1A704E0B00C55240 /* EventAPICall.h */,
				1885393C1A704E0B00C55240 /* EventAPICall.m */,
				1885393D1A704E0B00C55240 /* SoapV1Parser.h */,
				1885393E1A704E0B00C55240 /* SoapV1Parser.m */,
				1885393F1A704E0B00C55240 /* XMLReader.h */,
				188539401A704E0B00C55240 /* XMLReader.m */,
			);
			name = "API Call";
			sourceTree = "<group>";
		};
		188539451A704E3300C55240 /* ActivityIndicator */ = {
			isa = PBXGroup;
			children = (
				188539461A704E3300C55240 /* ActivityIndicator.h */,
				188539471A704E3300C55240 /* ActivityIndicator.m */,
				188539481A704E3300C55240 /* RoundedBlackView.h */,
				188539491A704E3300C55240 /* RoundedBlackView.m */,
			);
			path = ActivityIndicator;
			sourceTree = "<group>";
		};
		1885394C1A704E8800C55240 /* AFNetworking */ = {
			isa = PBXGroup;
			children = (
				1885394D1A704E8800C55240 /* AFHTTPClient.h */,
				1885394E1A704E8800C55240 /* AFHTTPClient.m */,
				1885394F1A704E8800C55240 /* AFHTTPRequestOperation.h */,
				188539501A704E8800C55240 /* AFHTTPRequestOperation.m */,
				188539511A704E8800C55240 /* AFImageRequestOperation.h */,
				188539521A704E8800C55240 /* AFImageRequestOperation.m */,
				188539531A704E8800C55240 /* AFJSONRequestOperation.h */,
				188539541A704E8800C55240 /* AFJSONRequestOperation.m */,
				188539551A704E8800C55240 /* AFNetworkActivityIndicatorManager.h */,
				188539561A704E8800C55240 /* AFNetworkActivityIndicatorManager.m */,
				188539571A704E8800C55240 /* AFNetworking.h */,
				188539581A704E8800C55240 /* AFPropertyListRequestOperation.h */,
				188539591A704E8800C55240 /* AFPropertyListRequestOperation.m */,
				1885395A1A704E8800C55240 /* AFURLConnectionOperation.h */,
				1885395B1A704E8800C55240 /* AFURLConnectionOperation.m */,
				1885395C1A704E8800C55240 /* AFXMLRequestOperation.h */,
				1885395D1A704E8800C55240 /* AFXMLRequestOperation.m */,
				1885395E1A704E8800C55240 /* UIImageView+AFNetworking.h */,
				1885395F1A704E8800C55240 /* UIImageView+AFNetworking.m */,
			);
			path = AFNetworking;
			sourceTree = "<group>";
		};
		308E90A91A6FFD8A00CF711E = {
			isa = PBXGroup;
			children = (
				188539691A70691B00C55240 /* CoreLocation.framework */,
				308E90B41A6FFD8A00CF711E /* LagoonCatamarans */,
				308E90CE1A6FFD8B00CF711E /* LagoonCatamaransTests */,
				308E90B31A6FFD8A00CF711E /* Products */,
			);
			sourceTree = "<group>";
		};
		308E90B31A6FFD8A00CF711E /* Products */ = {
			isa = PBXGroup;
			children = (
				308E90B21A6FFD8A00CF711E /* LagoonCatamarans.app */,
				308E90CB1A6FFD8B00CF711E /* LagoonCatamaransTests.xctest */,
			);
			name = Products;
			sourceTree = "<group>";
		};
		308E90B41A6FFD8A00CF711E /* LagoonCatamarans */ = {
			isa = PBXGroup;
			children = (
				1885394C1A704E8800C55240 /* AFNetworking */,
				188539451A704E3300C55240 /* ActivityIndicator */,
				188539371A704DE700C55240 /* API Call */,
				308E90DB1A7001E300CF711E /* Images */,
				308E90B91A6FFD8A00CF711E /* AppDelegate.h */,
				308E90BA1A6FFD8A00CF711E /* AppDelegate.m */,
				308E90BC1A6FFD8A00CF711E /* ViewController.h */,
				308E90BD1A6FFD8A00CF711E /* ViewController.m */,
				188539341A7031A600C55240 /* MainViewController.h */,
				188539351A7031A600C55240 /* MainViewController.m */,
				30B1B0211A70F9F3008D9972 /* Reachability.h */,
				30B1B0221A70F9F3008D9972 /* Reachability.m */,
				308E90BF1A6FFD8A00CF711E /* Main.storyboard */,
				308E90C21A6FFD8A00CF711E /* Images.xcassets */,
				308E90C41A6FFD8A00CF711E /* LaunchScreen.xib */,
				308E90B51A6FFD8A00CF711E /* Supporting Files */,
			);
			path = LagoonCatamarans;
			sourceTree = "<group>";
		};
		308E90B51A6FFD8A00CF711E /* Supporting Files */ = {
			isa = PBXGroup;
			children = (
				308E90B61A6FFD8A00CF711E /* Info.plist */,
				308E90B71A6FFD8A00CF711E /* main.m */,
			);
			name = "Supporting Files";
			sourceTree = "<group>";
		};
		308E90CE1A6FFD8B00CF711E /* LagoonCatamaransTests */ = {
			isa = PBXGroup;
			children = (
				308E90D11A6FFD8B00CF711E /* LagoonCatamaransTests.m */,
				308E90CF1A6FFD8B00CF711E /* Supporting Files */,
			);
			path = LagoonCatamaransTests;
			sourceTree = "<group>";
		};
		308E90CF1A6FFD8B00CF711E /* Supporting Files */ = {
			isa = PBXGroup;
			children = (
				308E90D01A6FFD8B00CF711E /* Info.plist */,
			);
			name = "Supporting Files";
			sourceTree = "<group>";
		};
		308E90DB1A7001E300CF711E /* Images */ = {
			isa = PBXGroup;
			children = (
				308E90DC1A70020700CF711E /* retry.png */,
				308E90DD1A70020700CF711E /* signin.png */,
				308E90DE1A70020700CF711E /* topLog.png */,
				308E90DF1A70020700CF711E /* upload.png */,
				308E90E41A70027500CF711E /* appicon.jpg */,
				308E90E61A70075E00CF711E /* btn_go.png */,
				308E90E81A700FE300CF711E /* checkbox-unchecked-md.png */,
				308E90E91A700FE300CF711E /* checkbox.png */,
				308E90EA1A700FE300CF711E /* checked_checkbox.png */,
				308E90EB1A700FE300CF711E /* images.png */,
			);
			name = Images;
			sourceTree = "<group>";
		};
/* End PBXGroup section */

/* Begin PBXNativeTarget section */
		308E90B11A6FFD8A00CF711E /* LagoonCatamarans */ = {
			isa = PBXNativeTarget;
			buildConfigurationList = 308E90D51A6FFD8B00CF711E /* Build configuration list for PBXNativeTarget "LagoonCatamarans" */;
			buildPhases = (
				308E90AE1A6FFD8A00CF711E /* Sources */,
				308E90AF1A6FFD8A00CF711E /* Frameworks */,
				308E90B01A6FFD8A00CF711E /* Resources */,
			);
			buildRules = (
			);
			dependencies = (
			);
			name = LagoonCatamarans;
			productName = LagoonCatamarans;
			productReference = 308E90B21A6FFD8A00CF711E /* LagoonCatamarans.app */;
			productType = "com.apple.product-type.application";
		};
		308E90CA1A6FFD8B00CF711E /* LagoonCatamaransTests */ = {
			isa = PBXNativeTarget;
			buildConfigurationList = 308E90D81A6FFD8B00CF711E /* Build configuration list for PBXNativeTarget "LagoonCatamaransTests" */;
			buildPhases = (
				308E90C71A6FFD8B00CF711E /* Sources */,
				308E90C81A6FFD8B00CF711E /* Frameworks */,
				308E90C91A6FFD8B00CF711E /* Resources */,
			);
			buildRules = (
			);
			dependencies = (
				308E90CD1A6FFD8B00CF711E /* PBXTargetDependency */,
			);
			name = LagoonCatamaransTests;
			productName = LagoonCatamaransTests;
			productReference = 308E90CB1A6FFD8B00CF711E /* LagoonCatamaransTests.xctest */;
			productType = "com.apple.product-type.bundle.unit-test";
		};
/* End PBXNativeTarget section */

/* Begin PBXProject section */
		308E90AA1A6FFD8A00CF711E /* Project object */ = {
			isa = PBXProject;
			attributes = {
				LastUpgradeCheck = 0610;
				ORGANIZATIONNAME = LC;
				TargetAttributes = {
					308E90B11A6FFD8A00CF711E = {
						CreatedOnToolsVersion = 6.1;
						DevelopmentTeam = W53XVL8M63;
					};
					308E90CA1A6FFD8B00CF711E = {
						CreatedOnToolsVersion = 6.1;
						TestTargetID = 308E90B11A6FFD8A00CF711E;
					};
				};
			};
			buildConfigurationList = 308E90AD1A6FFD8A00CF711E /* Build configuration list for PBXProject "LagoonCatamarans" */;
			compatibilityVersion = "Xcode 3.2";
			developmentRegion = English;
			hasScannedForEncodings = 0;
			knownRegions = (
				en,
				Base,
			);
			mainGroup = 308E90A91A6FFD8A00CF711E;
			productRefGroup = 308E90B31A6FFD8A00CF711E /* Products */;
			projectDirPath = "";
			projectRoot = "";
			targets = (
				308E90B11A6FFD8A00CF711E /* LagoonCatamarans */,
				308E90CA1A6FFD8B00CF711E /* LagoonCatamaransTests */,
			);
		};
/* End PBXProject section */

/* Begin PBXResourcesBuildPhase section */
		308E90B01A6FFD8A00CF711E /* Resources */ = {
			isa = PBXResourcesBuildPhase;
			buildActionMask = 2147483647;
			files = (
				308E90E21A70020700CF711E /* topLog.png in Resources */,
				308E90C11A6FFD8A00CF711E /* Main.storyboard in Resources */,
				308E90E31A70020700CF711E /* upload.png in Resources */,
				308E90EF1A700FE300CF711E /* images.png in Resources */,
				308E90E71A70075E00CF711E /* btn_go.png in Resources */,
				308E90EE1A700FE300CF711E /* checked_checkbox.png in Resources */,
				308E90ED1A700FE300CF711E /* checkbox.png in Resources */,
				308E90C61A6FFD8A00CF711E /* LaunchScreen.xib in Resources */,
				308E90E51A70027500CF711E /* appicon.jpg in Resources */,
				308E90EC1A700FE300CF711E /* checkbox-unchecked-md.png in Resources */,
				308E90E01A70020700CF711E /* retry.png in Resources */,
				308E90C31A6FFD8A00CF711E /* Images.xcassets in Resources */,
				308E90E11A70020700CF711E /* signin.png in Resources */,
			);
			runOnlyForDeploymentPostprocessing = 0;
		};
		308E90C91A6FFD8B00CF711E /* Resources */ = {
			isa = PBXResourcesBuildPhase;
			buildActionMask = 2147483647;
			files = (
			);
			runOnlyForDeploymentPostprocessing = 0;
		};
/* End PBXResourcesBuildPhase section */

/* Begin PBXSourcesBuildPhase section */
		308E90AE1A6FFD8A00CF711E /* Sources */ = {
			isa = PBXSourcesBuildPhase;
			buildActionMask = 2147483647;
			files = (
				188539661A704E8800C55240 /* AFURLConnectionOperation.m in Sources */,
				188539621A704E8800C55240 /* AFImageRequestOperation.m in Sources */,
				308E90BE1A6FFD8A00CF711E /* ViewController.m in Sources */,
				308E90BB1A6FFD8A00CF711E /* AppDelegate.m in Sources */,
				1885394B1A704E3300C55240 /* RoundedBlackView.m in Sources */,
				188539631A704E8800C55240 /* AFJSONRequestOperation.m in Sources */,
				188539441A704E0B00C55240 /* XMLReader.m in Sources */,
				188539681A704E8800C55240 /* UIImageView+AFNetworking.m in Sources */,
				188539421A704E0B00C55240 /* EventAPICall.m in Sources */,
				188539601A704E8800C55240 /* AFHTTPClient.m in Sources */,
				30B1B0231A70F9F3008D9972 /* Reachability.m in Sources */,
				188539651A704E8800C55240 /* AFPropertyListRequestOperation.m in Sources */,
				1885394A1A704E3300C55240 /* ActivityIndicator.m in Sources */,
				188539431A704E0B00C55240 /* SoapV1Parser.m in Sources */,
				308E90B81A6FFD8A00CF711E /* main.m in Sources */,
				188539361A7031A600C55240 /* MainViewController.m in Sources */,
				188539641A704E8800C55240 /* AFNetworkActivityIndicatorManager.m in Sources */,
				188539611A704E8800C55240 /* AFHTTPRequestOperation.m in Sources */,
				188539671A704E8800C55240 /* AFXMLRequestOperation.m in Sources */,
			);
			runOnlyForDeploymentPostprocessing = 0;
		};
		308E90C71A6FFD8B00CF711E /* Sources */ = {
			isa = PBXSourcesBuildPhase;
			buildActionMask = 2147483647;
			files = (
				308E90D21A6FFD8B00CF711E /* LagoonCatamaransTests.m in Sources */,
			);
			runOnlyForDeploymentPostprocessing = 0;
		};
/* End PBXSourcesBuildPhase section */

/* Begin PBXTargetDependency section */
		308E90CD1A6FFD8B00CF711E /* PBXTargetDependency */ = {
			isa = PBXTargetDependency;
			target = 308E90B11A6FFD8A00CF711E /* LagoonCatamarans */;
			targetProxy = 308E90CC1A6FFD8B00CF711E /* PBXContainerItemProxy */;
		};
/* End PBXTargetDependency section */

/* Begin PBXVariantGroup section */
		308E90BF1A6FFD8A00CF711E /* Main.storyboard */ = {
			isa = PBXVariantGroup;
			children = (
				308E90C01A6FFD8A00CF711E /* Base */,
			);
			name = Main.storyboard;
			sourceTree = "<group>";
		};
		308E90C41A6FFD8A00CF711E /* LaunchScreen.xib */ = {
			isa = PBXVariantGroup;
			children = (
				308E90C51A6FFD8A00CF711E /* Base */,
			);
			name = LaunchScreen.xib;
			sourceTree = "<group>";
		};
/* End PBXVariantGroup section */

/* Begin XCBuildConfiguration section */
		308E90D31A6FFD8B00CF711E /* Debug */ = {
			isa = XCBuildConfiguration;
			buildSettings = {
				ALWAYS_SEARCH_USER_PATHS = NO;
				CLANG_CXX_LANGUAGE_STANDARD = "gnu++0x";
				CLANG_CXX_LIBRARY = "libc++";
				CLANG_ENABLE_MODULES = YES;
				CLANG_ENABLE_OBJC_ARC = YES;
				CLANG_WARN_BOOL_CONVERSION = YES;
				CLANG_WARN_CONSTANT_CONVERSION = YES;
				CLANG_WARN_DIRECT_OBJC_ISA_USAGE = YES_ERROR;
				CLANG_WARN_EMPTY_BODY = YES;
				CLANG_WARN_ENUM_CONVERSION = YES;
				CLANG_WARN_INT_CONVERSION = YES;
				CLANG_WARN_OBJC_ROOT_CLASS = YES_ERROR;
				CLANG_WARN_UNREACHABLE_CODE = YES;
				CLANG_WARN__DUPLICATE_METHOD_MATCH = YES;
				"CODE_SIGN_IDENTITY[sdk=iphoneos*]" = "iPhone Developer";
				COPY_PHASE_STRIP = NO;
				ENABLE_STRICT_OBJC_MSGSEND = YES;
				GCC_C_LANGUAGE_STANDARD = gnu99;
				GCC_DYNAMIC_NO_PIC = NO;
				GCC_OPTIMIZATION_LEVEL = 0;
				GCC_PREPROCESSOR_DEFINITIONS = (
					"DEBUG=1",
					"$(inherited)",
				);
				GCC_SYMBOLS_PRIVATE_EXTERN = NO;
				GCC_WARN_64_TO_32_BIT_CONVERSION = YES;
				GCC_WARN_ABOUT_RETURN_TYPE = YES_ERROR;
				GCC_WARN_UNDECLARED_SELECTOR = YES;
				GCC_WARN_UNINITIALIZED_AUTOS = YES_AGGRESSIVE;
				GCC_WARN_UNUSED_FUNCTION = YES;
				GCC_WARN_UNUSED_VARIABLE = YES;
				IPHONEOS_DEPLOYMENT_TARGET = 8.1;
				MTL_ENABLE_DEBUG_INFO = YES;
				ONLY_ACTIVE_ARCH = YES;
				SDKROOT = iphoneos;
			};
			name = Debug;
		};
		308E90D41A6FFD8B00CF711E /* Release */ = {
			isa = XCBuildConfiguration;
			buildSettings = {
				ALWAYS_SEARCH_USER_PATHS = NO;
				CLANG_CXX_LANGUAGE_STANDARD = "gnu++0x";
				CLANG_CXX_LIBRARY = "libc++";
				CLANG_ENABLE_MODULES = YES;
				CLANG_ENABLE_OBJC_ARC = YES;
				CLANG_WARN_BOOL_CONVERSION = YES;
				CLANG_WARN_CONSTANT_CONVERSION = YES;
				CLANG_WARN_DIRECT_OBJC_ISA_USAGE = YES_ERROR;
				CLANG_WARN_EMPTY_BODY = YES;
				CLANG_WARN_ENUM_CONVERSION = YES;
				CLANG_WARN_INT_CONVERSION = YES;
				CLANG_WARN_OBJC_ROOT_CLASS = YES_ERROR;
				CLANG_WARN_UNREACHABLE_CODE = YES;
				CLANG_WARN__DUPLICATE_METHOD_MATCH = YES;
				"CODE_SIGN_IDENTITY[sdk=iphoneos*]" = "iPhone Developer";
				COPY_PHASE_STRIP = YES;
				ENABLE_NS_ASSERTIONS = NO;
				ENABLE_STRICT_OBJC_MSGSEND = YES;
				GCC_C_LANGUAGE_STANDARD = gnu99;
				GCC_WARN_64_TO_32_BIT_CONVERSION = YES;
				GCC_WARN_ABOUT_RETURN_TYPE = YES_ERROR;
				GCC_WARN_UNDECLARED_SELECTOR = YES;
				GCC_WARN_UNINITIALIZED_AUTOS = YES_AGGRESSIVE;
				GCC_WARN_UNUSED_FUNCTION = YES;
				GCC_WARN_UNUSED_VARIABLE = YES;
				IPHONEOS_DEPLOYMENT_TARGET = 8.1;
				MTL_ENABLE_DEBUG_INFO = NO;
				SDKROOT = iphoneos;
				VALIDATE_PRODUCT = YES;
			};
			name = Release;
		};
		308E90D61A6FFD8B00CF711E /* Debug */ = {
			isa = XCBuildConfiguration;
			buildSettings = {
				ASSETCATALOG_COMPILER_APPICON_NAME = AppIcon;
				ASSETCATALOG_COMPILER_LAUNCHIMAGE_NAME = LaunchImage;
				CODE_SIGN_IDENTITY = "iPhone Developer";
				INFOPLIST_FILE = LagoonCatamarans/Info.plist;
				IPHONEOS_DEPLOYMENT_TARGET = 6.0;
				LD_RUNPATH_SEARCH_PATHS = "$(inherited) @executable_path/Frameworks";
				PRODUCT_NAME = "$(TARGET_NAME)";
				PROVISIONING_PROFILE = "bc4b055d-bb36-48b2-ba60-61a54a6c315d";
				TARGETED_DEVICE_FAMILY = 1;
			};
			name = Debug;
		};
		308E90D71A6FFD8B00CF711E /* Release */ = {
			isa = XCBuildConfiguration;
			buildSettings = {
				ASSETCATALOG_COMPILER_APPICON_NAME = AppIcon;
				ASSETCATALOG_COMPILER_LAUNCHIMAGE_NAME = LaunchImage;
				CODE_SIGN_IDENTITY = "iPhone Developer";
				INFOPLIST_FILE = LagoonCatamarans/Info.plist;
				IPHONEOS_DEPLOYMENT_TARGET = 6.0;
				LD_RUNPATH_SEARCH_PATHS = "$(inherited) @executable_path/Frameworks";
				PRODUCT_NAME = "$(TARGET_NAME)";
				PROVISIONING_PROFILE = "bc4b055d-bb36-48b2-ba60-61a54a6c315d";
				TARGETED_DEVICE_FAMILY = 1;
			};
			name = Release;
		};
		308E90D91A6FFD8B00CF711E /* Debug */ = {
			isa = XCBuildConfiguration;
			buildSettings = {
				BUNDLE_LOADER = "$(TEST_HOST)";
				FRAMEWORK_SEARCH_PATHS = (
					"$(SDKROOT)/Developer/Library/Frameworks",
					"$(inherited)",
				);
				GCC_PREPROCESSOR_DEFINITIONS = (
					"DEBUG=1",
					"$(inherited)",
				);
				INFOPLIST_FILE = LagoonCatamaransTests/Info.plist;
				LD_RUNPATH_SEARCH_PATHS = "$(inherited) @executable_path/Frameworks @loader_path/Frameworks";
				PRODUCT_NAME = "$(TARGET_NAME)";
				TEST_HOST = "$(BUILT_PRODUCTS_DIR)/LagoonCatamarans.app/LagoonCatamarans";
			};
			name = Debug;
		};
		308E90DA1A6FFD8B00CF711E /* Release */ = {
			isa = XCBuildConfiguration;
			buildSettings = {
				BUNDLE_LOADER = "$(TEST_HOST)";
				FRAMEWORK_SEARCH_PATHS = (
					"$(SDKROOT)/Developer/Library/Frameworks",
					"$(inherited)",
				);
				INFOPLIST_FILE = LagoonCatamaransTests/Info.plist;
				LD_RUNPATH_SEARCH_PATHS = "$(inherited) @executable_path/Frameworks @loader_path/Frameworks";
				PRODUCT_NAME = "$(TARGET_NAME)";
				TEST_HOST = "$(BUILT_PRODUCTS_DIR)/LagoonCatamarans.app/LagoonCatamarans";
			};
			name = Release;
		};
/* End XCBuildConfiguration section */

/* Begin XCConfigurationList section */
		308E90AD1A6FFD8A00CF711E /* Build configuration list for PBXProject "LagoonCatamarans" */ = {
			isa = XCConfigurationList;
			buildConfigurations = (
				308E90D31A6FFD8B00CF711E /* Debug */,
				308E90D41A6FFD8B00CF711E /* Release */,
			);
			defaultConfigurationIsVisible = 0;
			defaultConfigurationName = Release;
		};
		308E90D51A6FFD8B00CF711E /* Build configuration list for PBXNativeTarget "LagoonCatamarans" */ = {
			isa = XCConfigurationList;
			buildConfigurations = (
				308E90D61A6FFD8B00CF711E /* Debug */,
				308E90D71A6FFD8B00CF711E /* Release */,
			);
			defaultConfigurationIsVisible = 0;
			defaultConfigurationName = Release;
		};
		308E90D81A6FFD8B00CF711E /* Build configuration list for PBXNativeTarget "LagoonCatamaransTests" */ = {
			isa = XCConfigurationList;
			buildConfigurations = (
				308E90D91A6FFD8B00CF711E /* Debug */,
				308E90DA1A6FFD8B00CF711E /* Release */,
			);
			defaultConfigurationIsVisible = 0;
			defaultConfigurationName = Release;
		};
/* End XCConfigurationList section */
	};
	rootObject = 308E90AA1A6FFD8A00CF711E /* Project object */;
}
